Microsoft Visual Studio Solution File, Format Version 12.00
# Visual Studio Version 17
VisualStudioVersion = 17.5.2.0
MinimumVisualStudioVersion = 10.0.40219.1
Project("{FAE04EC0-301F-11D3-BF4B-00C04F79EFBC}") = "SolidPrinciplesDemo", "SolidPrinciplesDemo.csproj", "{3E6FDD7C-36CF-CA5F-1DBB-D171FD2C4C64}"
EndProject
Global
	GlobalSection(SolutionConfigurationPlatforms) = preSolution
		Debug|Any CPU = Debug|Any CPU
		Release|Any CPU = Release|Any CPU
	EndGlobalSection
	GlobalSection(ProjectConfigurationPlatforms) = postSolution
		{3E6FDD7C-36CF-CA5F-1DBB-D171FD2C4C64}.Debug|Any CPU.ActiveCfg = Debug|Any CPU
		{3E6FDD7C-36CF-CA5F-1DBB-D171FD2C4C64}.Debug|Any CPU.Build.0 = Debug|Any CPU
		{3E6FDD7C-36CF-CA5F-1DBB-D171FD2C4C64}.Release|Any CPU.ActiveCfg = Release|Any CPU
		{3E6FDD7C-36CF-CA5F-1DBB-D171FD2C4C64}.Release|Any CPU.Build.0 = Release|Any CPU
	EndGlobalSection
	GlobalSection(SolutionProperties) = preSolution
		HideSolutionNode = FALSE
	EndGlobalSection
	GlobalSection(ExtensibilityGlobals) = postSolution
		SolutionGuid = {181D1F47-89F5-4CBB-BC3A-4E048516D138}
	EndGlobalSection
EndGlobal
